// !$*UTF8*$!
{
	archiveVersion = 1;
	classes = {
	};
	objectVersion = 56;
	objects = {

/* Begin PBXBuildFile section */
		FFBF5AAC2CE6086900444088 /* DiaryAppApp.swift in Sources */ = {isa = PBXBuildFile; fileRef = FFBF5AAB2CE6086900444088 /* DiaryAppApp.swift */; };
		FFBF5AAE2CE6086900444088 /* ContentView.swift in Sources */ = {isa = PBXBuildFile; fileRef = FFBF5AAD2CE6086900444088 /* ContentView.swift */; };
		FFBF5AB02CE6086A00444088 /* Assets.xcassets in Resources */ = {isa = PBXBuildFile; fileRef = FFBF5AAF2CE6086A00444088 /* Assets.xcassets */; };
		FFBF5AB32CE6086A00444088 /* Preview Assets.xcassets in Resources */ = {isa = PBXBuildFile; fileRef = FFBF5AB22CE6086A00444088 /* Preview Assets.xcassets */; };
		FFBF5ABD2CE6086B00444088 /* DiaryAppTests.swift in Sources */ = {isa = PBXBuildFile; fileRef = FFBF5ABC2CE6086B00444088 /* DiaryAppTests.swift */; };
		FFBF5AC72CE6086B00444088 /* DiaryAppUITests.swift in Sources */ = {isa = PBXBuildFile; fileRef = FFBF5AC62CE6086B00444088 /* DiaryAppUITests.swift */; };
		FFBF5AC92CE6086B00444088 /* DiaryAppUITestsLaunchTests.swift in Sources */ = {isa = PBXBuildFile; fileRef = FFBF5AC82CE6086B00444088 /* DiaryAppUITestsLaunchTests.swift */; };
		FFBF5AD62CE6088400444088 /* DiaryEntry.swift in Sources */ = {isa = PBXBuildFile; fileRef = FFBF5AD52CE6088400444088 /* DiaryEntry.swift */; };
		FFBF5AD82CE608A800444088 /* AddEntryView.swift in Sources */ = {isa = PBXBuildFile; fileRef = FFBF5AD72CE608A800444088 /* AddEntryView.swift */; };
		FFBF5ADA2CE608E400444088 /* EditEntryView.swift in Sources */ = {isa = PBXBuildFile; fileRef = FFBF5AD92CE608E400444088 /* EditEntryView.swift */; };
/* End PBXBuildFile section */

/* Begin PBXContainerItemProxy section */
		FFBF5AB92CE6086B00444088 /* PBXContainerItemProxy */ = {
			isa = PBXContainerItemProxy;
			containerPortal = FFBF5AA02CE6086900444088 /* Project object */;
			proxyType = 1;
			remoteGlobalIDString = FFBF5AA72CE6086900444088;
			remoteInfo = DiaryApp;
		};
		FFBF5AC32CE6086B00444088 /* PBXContainerItemProxy */ = {
			isa = PBXContainerItemProxy;
			containerPortal = FFBF5AA02CE6086900444088 /* Project object */;
			proxyType = 1;
			remoteGlobalIDString = FFBF5AA72CE6086900444088;
			remoteInfo = DiaryApp;
		};
/* End PBXContainerItemProxy section */

/* Begin PBXFileReference section */
		FFBF5AA82CE6086900444088 /* DiaryApp.app */ = {isa = PBXFileReference; explicitFileType = wrapper.application; includeInIndex = 0; path = DiaryApp.app; sourceTree = BUILT_PRODUCTS_DIR; };
		FFBF5AAB2CE6086900444088 /* DiaryAppApp.swift */ = {isa = PBXFileReference; lastKnownFileType = sourcecode.swift; path = DiaryAppApp.swift; sourceTree = "<group>"; };
		FFBF5AAD2CE6086900444088 /* ContentView.swift */ = {isa = PBXFileReference; lastKnownFileType = sourcecode.swift; path = ContentView.swift; sourceTree = "<group>"; };
		FFBF5AAF2CE6086A00444088 /* Assets.xcassets */ = {isa = PBXFileReference; lastKnownFileType = folder.assetcatalog; path = Assets.xcassets; sourceTree = "<group>"; };
		FFBF5AB22CE6086A00444088 /* Preview Assets.xcassets */ = {isa = PBXFileReference; lastKnownFileType = folder.assetcatalog; path = "Preview Assets.xcassets"; sourceTree = "<group>"; };
		FFBF5AB82CE6086B00444088 /* DiaryAppTests.xctest */ = {isa = PBXFileReference; explicitFileType = wrapper.cfbundle; includeInIndex = 0; path = DiaryAppTests.xctest; sourceTree = BUILT_PRODUCTS_DIR; };
		FFBF5ABC2CE6086B00444088 /* DiaryAppTests.swift */ = {isa = PBXFileReference; lastKnownFileType = sourcecode.swift; path = DiaryAppTests.swift; sourceTree = "<group>"; };
		FFBF5AC22CE6086B00444088 /* DiaryAppUITests.xctest */ = {isa = PBXFileReference; explicitFileType = wrapper.cfbundle; includeInIndex = 0; path = DiaryAppUITests.xctest; sourceTree = BUILT_PRODUCTS_DIR; };
		FFBF5AC62CE6086B00444088 /* DiaryAppUITests.swift */ = {isa = PBXFileReference; lastKnownFileType = sourcecode.swift; path = DiaryAppUITests.swift; sourceTree = "<group>"; };
		FFBF5AC82CE6086B00444088 /* DiaryAppUITestsLaunchTests.swift */ = {isa = PBXFileReference; lastKnownFileType = sourcecode.swift; path = DiaryAppUITestsLaunchTests.swift; sourceTree = "<group>"; };
		FFBF5AD52CE6088400444088 /* DiaryEntry.swift */ = {isa = PBXFileReference; lastKnownFileType = sourcecode.swift; path = DiaryEntry.swift; sourceTree = "<group>"; };
		FFBF5AD72CE608A800444088 /* AddEntryView.swift */ = {isa = PBXFileReference; lastKnownFileType = sourcecode.swift; path = AddEntryView.swift; sourceTree = "<group>"; };
		FFBF5AD92CE608E400444088 /* EditEntryView.swift */ = {isa = PBXFileReference; lastKnownFileType = sourcecode.swift; path = EditEntryView.swift; sourceTree = "<group>"; };
/* End PBXFileReference section */

/* Begin PBXFrameworksBuildPhase section */
		FFBF5AA52CE6086900444088 /* Frameworks */ = {
			isa = PBXFrameworksBuildPhase;
			buildActionMask = 2147483647;
			files = (
			);
			runOnlyForDeploymentPostprocessing = 0;
		};
		FFBF5AB52CE6086B00444088 /* Frameworks */ = {
			isa = PBXFrameworksBuildPhase;
			buildActionMask = 2147483647;
			files = (
			);
			runOnlyForDeploymentPostprocessing = 0;
		};
		FFBF5ABF2CE6086B00444088 /* Frameworks */ = {
			isa = PBXFrameworksBuildPhase;
			buildActionMask = 2147483647;
			files = (
			);
			runOnlyForDeploymentPostprocessing = 0;
		};
/* End PBXFrameworksBuildPhase section */

/* Begin PBXGroup section */
		FFBF5A9F2CE6086900444088 = {
			isa = PBXGroup;
			children = (
				FFBF5AAA2CE6086900444088 /* DiaryApp */,
				FFBF5ABB2CE6086B00444088 /* DiaryAppTests */,
				FFBF5AC52CE6086B00444088 /* DiaryAppUITests */,
				FFBF5AA92CE6086900444088 /* Products */,
			);
			sourceTree = "<group>";
		};
		FFBF5AA92CE6086900444088 /* Products */ = {
			isa = PBXGroup;
			children = (
				FFBF5AA82CE6086900444088 /* DiaryApp.app */,
				FFBF5AB82CE6086B00444088 /* DiaryAppTests.xctest */,
				FFBF5AC22CE6086B00444088 /* DiaryAppUITests.xctest */,
			);
			name = Products;
			sourceTree = "<group>";
		};
		FFBF5AAA2CE6086900444088 /* DiaryApp */ = {
			isa = PBXGroup;
			children = (
				FFBF5AAB2CE6086900444088 /* DiaryAppApp.swift */,
				FFBF5AAD2CE6086900444088 /* ContentView.swift */,
				FFBF5AD72CE608A800444088 /* AddEntryView.swift */,
				FFBF5AD92CE608E400444088 /* EditEntryView.swift */,
				FFBF5AD52CE6088400444088 /* DiaryEntry.swift */,
				FFBF5AAF2CE6086A00444088 /* Assets.xcassets */,
				FFBF5AB12CE6086A00444088 /* Preview Content */,
			);
			path = DiaryApp;
			sourceTree = "<group>";
		};
		FFBF5AB12CE6086A00444088 /* Preview Content */ = {
			isa = PBXGroup;
			children = (
				FFBF5AB22CE6086A00444088 /* Preview Assets.xcassets */,
			);
			path = "Preview Content";
			sourceTree = "<group>";
		};
		FFBF5ABB2CE6086B00444088 /* DiaryAppTests */ = {
			isa = PBXGroup;
			children = (
				FFBF5ABC2CE6086B00444088 /* DiaryAppTests.swift */,
			);
			path = DiaryAppTests;
			sourceTree = "<group>";
		};
		FFBF5AC52CE6086B00444088 /* DiaryAppUITests */ = {
			isa = PBXGroup;
			children = (
				FFBF5AC62CE6086B00444088 /* DiaryAppUITests.swift */,
				FFBF5AC82CE6086B00444088 /* DiaryAppUITestsLaunchTests.swift */,
			);
			path = DiaryAppUITests;
			sourceTree = "<group>";
		};
/* End PBXGroup section */

/* Begin PBXNativeTarget section */
		FFBF5AA72CE6086900444088 /* DiaryApp */ = {
			isa = PBXNativeTarget;
			buildConfigurationList = FFBF5ACC2CE6086B00444088 /* Build configuration list for PBXNativeTarget "DiaryApp" */;
			buildPhases = (
				FFBF5AA42CE6086900444088 /* Sources */,
				FFBF5AA52CE6086900444088 /* Frameworks */,
				FFBF5AA62CE6086900444088 /* Resources */,
			);
			buildRules = (
			);
			dependencies = (
			);
			name = DiaryApp;
			productName = DiaryApp;
			productReference = FFBF5AA82CE6086900444088 /* DiaryApp.app */;
			productType = "com.apple.product-type.application";
		};
		FFBF5AB72CE6086B00444088 /* DiaryAppTests */ = {
			isa = PBXNativeTarget;
			buildConfigurationList = FFBF5ACF2CE6086B00444088 /* Build configuration list for PBXNativeTarget "DiaryAppTests" */;
			buildPhases = (
				FFBF5AB42CE6086B00444088 /* Sources */,
				FFBF5AB52CE6086B00444088 /* Frameworks */,
				FFBF5AB62CE6086B00444088 /* Resources */,
			);
			buildRules = (
			);
			dependencies = (
				FFBF5ABA2CE6086B00444088 /* PBXTargetDependency */,
			);
			name = DiaryAppTests;
			productName = DiaryAppTests;
			productReference = FFBF5AB82CE6086B00444088 /* DiaryAppTests.xctest */;
			productType = "com.apple.product-type.bundle.unit-test";
		};
		FFBF5AC12CE6086B00444088 /* DiaryAppUITests */ = {
			isa = PBXNativeTarget;
			buildConfigurationList = FFBF5AD22CE6086B00444088 /* Build configuration list for PBXNativeTarget "DiaryAppUITests" */;
			buildPhases = (
				FFBF5ABE2CE6086B00444088 /* Sources */,
				FFBF5ABF2CE6086B00444088 /* Frameworks */,
				FFBF5AC02CE6086B00444088 /* Resources */,
			);
			buildRules = (
			);
			dependencies = (
				FFBF5AC42CE6086B00444088 /* PBXTargetDependency */,
			);
			name = DiaryAppUITests;
			productName = DiaryAppUITests;
			productReference = FFBF5AC22CE6086B00444088 /* DiaryAppUITests.xctest */;
			productType = "com.apple.product-type.bundle.ui-testing";
		};
/* End PBXNativeTarget section */

/* Begin PBXProject section */
		FFBF5AA02CE6086900444088 /* Project object */ = {
			isa = PBXProject;
			attributes = {
				BuildIndependentTargetsInParallel = 1;
				LastSwiftUpdateCheck = 1520;
				LastUpgradeCheck = 1520;
				TargetAttributes = {
					FFBF5AA72CE6086900444088 = {
						CreatedOnToolsVersion = 15.2;
					};
					FFBF5AB72CE6086B00444088 = {
						CreatedOnToolsVersion = 15.2;
						TestTargetID = FFBF5AA72CE6086900444088;
					};
					FFBF5AC12CE6086B00444088 = {
						CreatedOnToolsVersion = 15.2;
						TestTargetID = FFBF5AA72CE6086900444088;
					};
				};
			};
			buildConfigurationList = FFBF5AA32CE6086900444088 /* Build configuration list for PBXProject "DiaryApp" */;
			compatibilityVersion = "Xcode 14.0";
			developmentRegion = en;
			hasScannedForEncodings = 0;
			knownRegions = (
				en,
				Base,
			);
			mainGroup = FFBF5A9F2CE6086900444088;
			productRefGroup = FFBF5AA92CE6086900444088 /* Products */;
			projectDirPath = "";
			projectRoot = "";
			targets = (
				FFBF5AA72CE6086900444088 /* DiaryApp */,
				FFBF5AB72CE6086B00444088 /* DiaryAppTests */,
				FFBF5AC12CE6086B00444088 /* DiaryAppUITests */,
			);
		};
/* End PBXProject section */

/* Begin PBXResourcesBuildPhase section */
		FFBF5AA62CE6086900444088 /* Resources */ = {
			isa = PBXResourcesBuildPhase;
			buildActionMask = 2147483647;
			files = (
				FFBF5AB32CE6086A00444088 /* Preview Assets.xcassets in Resources */,
				FFBF5AB02CE6086A00444088 /* Assets.xcassets in Resources */,
			);
			runOnlyForDeploymentPostprocessing = 0;
		};
		FFBF5AB62CE6086B00444088 /* Resources */ = {
			isa = PBXResourcesBuildPhase;
			buildActionMask = 2147483647;
			files = (
			);
			runOnlyForDeploymentPostprocessing = 0;
		};
		FFBF5AC02CE6086B00444088 /* Resources */ = {
			isa = PBXResourcesBuildPhase;
			buildActionMask = 2147483647;
			files = (
			);
			runOnlyForDeploymentPostprocessing = 0;
		};
/* End PBXResourcesBuildPhase section */

/* Begin PBXSourcesBuildPhase section */
		FFBF5AA42CE6086900444088 /* Sources */ = {
			isa = PBXSourcesBuildPhase;
			buildActionMask = 2147483647;
			files = (
				FFBF5AAE2CE6086900444088 /* ContentView.swift in Sources */,
				FFBF5ADA2CE608E400444088 /* EditEntryView.swift in Sources */,
				FFBF5AD62CE6088400444088 /* DiaryEntry.swift in Sources */,
				FFBF5AAC2CE6086900444088 /* DiaryAppApp.swift in Sources */,
				FFBF5AD82CE608A800444088 /* AddEntryView.swift in Sources */,
			);
			runOnlyForDeploymentPostprocessing = 0;
		};
		FFBF5AB42CE6086B00444088 /* Sources */ = {
			isa = PBXSourcesBuildPhase;
			buildActionMask = 2147483647;
			files = (
				FFBF5ABD2CE6086B00444088 /* DiaryAppTests.swift in Sources */,
			);
			runOnlyForDeploymentPostprocessing = 0;
		};
		FFBF5ABE2CE6086B00444088 /* Sources */ = {
			isa = PBXSourcesBuildPhase;
			buildActionMask = 2147483647;
			files = (
				FFBF5AC92CE6086B00444088 /* DiaryAppUITestsLaunchTests.swift in Sources */,
				FFBF5AC72CE6086B00444088 /* DiaryAppUITests.swift in Sources */,
			);
			runOnlyForDeploymentPostprocessing = 0;
		};
/* End PBXSourcesBuildPhase section */

/* Begin PBXTargetDependency section */
		FFBF5ABA2CE6086B00444088 /* PBXTargetDependency */ = {
			isa = PBXTargetDependency;
			target = FFBF5AA72CE6086900444088 /* DiaryApp */;
			targetProxy = FFBF5AB92CE6086B00444088 /* PBXContainerItemProxy */;
		};
		FFBF5AC42CE6086B00444088 /* PBXTargetDependency */ = {
			isa = PBXTargetDependency;
			target = FFBF5AA72CE6086900444088 /* DiaryApp */;
			targetProxy = FFBF5AC32CE6086B00444088 /* PBXContainerItemProxy */;
		};
/* End PBXTargetDependency section */

/* Begin XCBuildConfiguration section */
		FFBF5ACA2CE6086B00444088 /* Debug */ = {
			isa = XCBuildConfiguration;
			buildSettings = {
				ALWAYS_SEARCH_USER_PATHS = NO;
				ASSETCATALOG_COMPILER_GENERATE_SWIFT_ASSET_SYMBOL_EXTENSIONS = YES;
				CLANG_ANALYZER_NONNULL = YES;
				CLANG_ANALYZER_NUMBER_OBJECT_CONVERSION = YES_AGGRESSIVE;
				CLANG_CXX_LANGUAGE_STANDARD = "gnu++20";
				CLANG_ENABLE_MODULES = YES;
				CLANG_ENABLE_OBJC_ARC = YES;
				CLANG_ENABLE_OBJC_WEAK = YES;
				CLANG_WARN_BLOCK_CAPTURE_AUTORELEASING = YES;
				CLANG_WARN_BOOL_CONVERSION = YES;
				CLANG_WARN_COMMA = YES;
				CLANG_WARN_CONSTANT_CONVERSION = YES;
				CLANG_WARN_DEPRECATED_OBJC_IMPLEMENTATIONS = YES;
				CLANG_WARN_DIRECT_OBJC_ISA_USAGE = YES_ERROR;
				CLANG_WARN_DOCUMENTATION_COMMENTS = YES;
				CLANG_WARN_EMPTY_BODY = YES;
				CLANG_WARN_ENUM_CONVERSION = YES;
				CLANG_WARN_INFINITE_RECURSION = YES;
				CLANG_WARN_INT_CONVERSION = YES;
				CLANG_WARN_NON_LITERAL_NULL_CONVERSION = YES;
				CLANG_WARN_OBJC_IMPLICIT_RETAIN_SELF = YES;
				CLANG_WARN_OBJC_LITERAL_CONVERSION = YES;
				CLANG_WARN_OBJC_ROOT_CLASS = YES_ERROR;
				CLANG_WARN_QUOTED_INCLUDE_IN_FRAMEWORK_HEADER = YES;
				CLANG_WARN_RANGE_LOOP_ANALYSIS = YES;
				CLANG_WARN_STRICT_PROTOTYPES = YES;
				CLANG_WARN_SUSPICIOUS_MOVE = YES;
				CLANG_WARN_UNGUARDED_AVAILABILITY = YES_AGGRESSIVE;
				CLANG_WARN_UNREACHABLE_CODE = YES;
				CLANG_WARN__DUPLICATE_METHOD_MATCH = YES;
				COPY_PHASE_STRIP = NO;
				DEBUG_INFORMATION_FORMAT = dwarf;
				ENABLE_STRICT_OBJC_MSGSEND = YES;
				ENABLE_TESTABILITY = YES;
				ENABLE_USER_SCRIPT_SANDBOXING = YES;
				GCC_C_LANGUAGE_STANDARD = gnu17;
				GCC_DYNAMIC_NO_PIC = NO;
				GCC_NO_COMMON_BLOCKS = YES;
				GCC_OPTIMIZATION_LEVEL = 0;
				GCC_PREPROCESSOR_DEFINITIONS = (
					"DEBUG=1",
					"$(inherited)",
				);
				GCC_WARN_64_TO_32_BIT_CONVERSION = YES;
				GCC_WARN_ABOUT_RETURN_TYPE = YES_ERROR;
				GCC_WARN_UNDECLARED_SELECTOR = YES;
				GCC_WARN_UNINITIALIZED_AUTOS = YES_AGGRESSIVE;
				GCC_WARN_UNUSED_FUNCTION = YES;
				GCC_WARN_UNUSED_VARIABLE = YES;
				IPHONEOS_DEPLOYMENT_TARGET = 17.2;
				LOCALIZATION_PREFERS_STRING_CATALOGS = YES;
				MTL_ENABLE_DEBUG_INFO = INCLUDE_SOURCE;
				MTL_FAST_MATH = YES;
				ONLY_ACTIVE_ARCH = YES;
				SDKROOT = iphoneos;
				SWIFT_ACTIVE_COMPILATION_CONDITIONS = "DEBUG $(inherited)";
				SWIFT_OPTIMIZATION_LEVEL = "-Onone";
			};
			name = Debug;
		};
		FFBF5ACB2CE6086B00444088 /* Release */ = {
			isa = XCBuildConfiguration;
			buildSettings = {
				ALWAYS_SEARCH_USER_PATHS = NO;
				ASSETCATALOG_COMPILER_GENERATE_SWIFT_ASSET_SYMBOL_EXTENSIONS = YES;
				CLANG_ANALYZER_NONNULL = YES;
				CLANG_ANALYZER_NUMBER_OBJECT_CONVERSION = YES_AGGRESSIVE;
				CLANG_CXX_LANGUAGE_STANDARD = "gnu++20";
				CLANG_ENABLE_MODULES = YES;
				CLANG_ENABLE_OBJC_ARC = YES;
				CLANG_ENABLE_OBJC_WEAK = YES;
				CLANG_WARN_BLOCK_CAPTURE_AUTORELEASING = YES;
				CLANG_WARN_BOOL_CONVERSION = YES;
				CLANG_WARN_COMMA = YES;
				CLANG_WARN_CONSTANT_CONVERSION = YES;
				CLANG_WARN_DEPRECATED_OBJC_IMPLEMENTATIONS = YES;
				CLANG_WARN_DIRECT_OBJC_ISA_USAGE = YES_ERROR;
				CLANG_WARN_DOCUMENTATION_COMMENTS = YES;
				CLANG_WARN_EMPTY_BODY = YES;
				CLANG_WARN_ENUM_CONVERSION = YES;
				CLANG_WARN_INFINITE_RECURSION = YES;
				CLANG_WARN_INT_CONVERSION = YES;
				CLANG_WARN_NON_LITERAL_NULL_CONVERSION = YES;
				CLANG_WARN_OBJC_IMPLICIT_RETAIN_SELF = YES;
				CLANG_WARN_OBJC_LITERAL_CONVERSION = YES;
				CLANG_WARN_OBJC_ROOT_CLASS = YES_ERROR;
				CLANG_WARN_QUOTED_INCLUDE_IN_FRAMEWORK_HEADER = YES;
				CLANG_WARN_RANGE_LOOP_ANALYSIS = YES;
				CLANG_WARN_STRICT_PROTOTYPES = YES;
				CLANG_WARN_SUSPICIOUS_MOVE = YES;
				CLANG_WARN_UNGUARDED_AVAILABILITY = YES_AGGRESSIVE;
				CLANG_WARN_UNREACHABLE_CODE = YES;
				CLANG_WARN__DUPLICATE_METHOD_MATCH = YES;
				COPY_PHASE_STRIP = NO;
				DEBUG_INFORMATION_FORMAT = "dwarf-with-dsym";
				ENABLE_NS_ASSERTIONS = NO;
				ENABLE_STRICT_OBJC_MSGSEND = YES;
				ENABLE_USER_SCRIPT_SANDBOXING = YES;
				GCC_C_LANGUAGE_STANDARD = gnu17;
				GCC_NO_COMMON_BLOCKS = YES;
				GCC_WARN_64_TO_32_BIT_CONVERSION = YES;
				GCC_WARN_ABOUT_RETURN_TYPE = YES_ERROR;
				GCC_WARN_UNDECLARED_SELECTOR = YES;
				GCC_WARN_UNINITIALIZED_AUTOS = YES_AGGRESSIVE;
				GCC_WARN_UNUSED_FUNCTION = YES;
				GCC_WARN_UNUSED_VARIABLE = YES;
				IPHONEOS_DEPLOYMENT_TARGET = 17.2;
				LOCALIZATION_PREFERS_STRING_CATALOGS = YES;
				MTL_ENABLE_DEBUG_INFO = NO;
				MTL_FAST_MATH = YES;
				SDKROOT = iphoneos;
				SWIFT_COMPILATION_MODE = wholemodule;
				VALIDATE_PRODUCT = YES;
			};
			name = Release;
		};
		FFBF5ACD2CE6086B00444088 /* Debug */ = {
			isa = XCBuildConfiguration;
			buildSettings = {
				ASSETCATALOG_COMPILER_APPICON_NAME = AppIcon;
				ASSETCATALOG_COMPILER_GLOBAL_ACCENT_COLOR_NAME = AccentColor;
				CODE_SIGN_STYLE = Automatic;
				CURRENT_PROJECT_VERSION = 1;
				DEVELOPMENT_ASSET_PATHS = "\"DiaryApp/Preview Content\"";
				DEVELOPMENT_TEAM = 33T38YP3TY;
				ENABLE_PREVIEWS = YES;
				GENERATE_INFOPLIST_FILE = YES;
				INFOPLIST_KEY_UIApplicationSceneManifest_Generation = YES;
				INFOPLIST_KEY_UIApplicationSupportsIndirectInputEvents = YES;
				INFOPLIST_KEY_UILaunchScreen_Generation = YES;
				INFOPLIST_KEY_UISupportedInterfaceOrientations_iPad = "UIInterfaceOrientationPortrait UIInterfaceOrientationPortraitUpsideDown UIInterfaceOrientationLandscapeLeft UIInterfaceOrientationLandscapeRight";
				INFOPLIST_KEY_UISupportedInterfaceOrientations_iPhone = "UIInterfaceOrientationPortrait UIInterfaceOrientationLandscapeLeft UIInterfaceOrientationLandscapeRight";
				LD_RUNPATH_SEARCH_PATHS = (
					"$(inherited)",
					"@executable_path/Frameworks",
				);
				MARKETING_VERSION = 1.0;
				PRODUCT_BUNDLE_IDENTIFIER = Alpha.DiaryApp;
				PRODUCT_NAME = "$(TARGET_NAME)";
				SWIFT_EMIT_LOC_STRINGS = YES;
				SWIFT_VERSION = 5.0;
				TARGETED_DEVICE_FAMILY = "1,2";
			};
			name = Debug;
		};
		FFBF5ACE2CE6086B00444088 /* Release */ = {
			isa = XCBuildConfiguration;
			buildSettings = {
				ASSETCATALOG_COMPILER_APPICON_NAME = AppIcon;
				ASSETCATALOG_COMPILER_GLOBAL_ACCENT_COLOR_NAME = AccentColor;
				CODE_SIGN_STYLE = Automatic;
				CURRENT_PROJECT_VERSION = 1;
				DEVELOPMENT_ASSET_PATHS = "\"DiaryApp/Preview Content\"";
				DEVELOPMENT_TEAM = 33T38YP3TY;
				ENABLE_PREVIEWS = YES;
				GENERATE_INFOPLIST_FILE = YES;
				INFOPLIST_KEY_UIApplicationSceneManifest_Generation = YES;
				INFOPLIST_KEY_UIApplicationSupportsIndirectInputEvents = YES;
				INFOPLIST_KEY_UILaunchScreen_Generation = YES;
				INFOPLIST_KEY_UISupportedInterfaceOrientations_iPad = "UIInterfaceOrientationPortrait UIInterfaceOrientationPortraitUpsideDown UIInterfaceOrientationLandscapeLeft UIInterfaceOrientationLandscapeRight";
				INFOPLIST_KEY_UISupportedInterfaceOrientations_iPhone = "UIInterfaceOrientationPortrait UIInterfaceOrientationLandscapeLeft UIInterfaceOrientationLandscapeRight";
				LD_RUNPATH_SEARCH_PATHS = (
					"$(inherited)",
					"@executable_path/Frameworks",
				);
				MARKETING_VERSION = 1.0;
				PRODUCT_BUNDLE_IDENTIFIER = Alpha.DiaryApp;
				PRODUCT_NAME = "$(TARGET_NAME)";
				SWIFT_EMIT_LOC_STRINGS = YES;
				SWIFT_VERSION = 5.0;
				TARGETED_DEVICE_FAMILY = "1,2";
			};
			name = Release;
		};
		FFBF5AD02CE6086B00444088 /* Debug */ = {
			isa = XCBuildConfiguration;
			buildSettings = {
				ALWAYS_EMBED_SWIFT_STANDARD_LIBRARIES = YES;
				BUNDLE_LOADER = "$(TEST_HOST)";
				CODE_SIGN_STYLE = Automatic;
				CURRENT_PROJECT_VERSION = 1;
				DEVELOPMENT_TEAM = 33T38YP3TY;
				GENERATE_INFOPLIST_FILE = YES;
				IPHONEOS_DEPLOYMENT_TARGET = 17.2;
				MARKETING_VERSION = 1.0;
				PRODUCT_BUNDLE_IDENTIFIER = Alpha.DiaryAppTests;
				PRODUCT_NAME = "$(TARGET_NAME)";
				SWIFT_EMIT_LOC_STRINGS = NO;
				SWIFT_VERSION = 5.0;
				TARGETED_DEVICE_FAMILY = "1,2";
				TEST_HOST = "$(BUILT_PRODUCTS_DIR)/DiaryApp.app/$(BUNDLE_EXECUTABLE_FOLDER_PATH)/DiaryApp";
			};
			name = Debug;
		};
		FFBF5AD12CE6086B00444088 /* Release */ = {
			isa = XCBuildConfiguration;
			buildSettings = {
				ALWAYS_EMBED_SWIFT_STANDARD_LIBRARIES = YES;
				BUNDLE_LOADER = "$(TEST_HOST)";
				CODE_SIGN_STYLE = Automatic;
				CURRENT_PROJECT_VERSION = 1;
				DEVELOPMENT_TEAM = 33T38YP3TY;
				GENERATE_INFOPLIST_FILE = YES;
				IPHONEOS_DEPLOYMENT_TARGET = 17.2;
				MARKETING_VERSION = 1.0;
				PRODUCT_BUNDLE_IDENTIFIER = Alpha.DiaryAppTests;
				PRODUCT_NAME = "$(TARGET_NAME)";
				SWIFT_EMIT_LOC_STRINGS = NO;
				SWIFT_VERSION = 5.0;
				TARGETED_DEVICE_FAMILY = "1,2";
				TEST_HOST = "$(BUILT_PRODUCTS_DIR)/DiaryApp.app/$(BUNDLE_EXECUTABLE_FOLDER_PATH)/DiaryApp";
			};
			name = Release;
		};
		FFBF5AD32CE6086B00444088 /* Debug */ = {
			isa = XCBuildConfiguration;
			buildSettings = {
				ALWAYS_EMBED_SWIFT_STANDARD_LIBRARIES = YES;
				CODE_SIGN_STYLE = Automatic;
				CURRENT_PROJECT_VERSION = 1;
				DEVELOPMENT_TEAM = 33T38YP3TY;
				GENERATE_INFOPLIST_FILE = YES;
				MARKETING_VERSION = 1.0;
				PRODUCT_BUNDLE_IDENTIFIER = Alpha.DiaryAppUITests;
				PRODUCT_NAME = "$(TARGET_NAME)";
				SWIFT_EMIT_LOC_STRINGS = NO;
				SWIFT_VERSION = 5.0;
				TARGETED_DEVICE_FAMILY = "1,2";
				TEST_TARGET_NAME = DiaryApp;
			};
			name = Debug;
		};
		FFBF5AD42CE6086B00444088 /* Release */ = {
			isa = XCBuildConfiguration;
			buildSettings = {
				ALWAYS_EMBED_SWIFT_STANDARD_LIBRARIES = YES;
				CODE_SIGN_STYLE = Automatic;
				CURRENT_PROJECT_VERSION = 1;
				DEVELOPMENT_TEAM = 33T38YP3TY;
				GENERATE_INFOPLIST_FILE = YES;
				MARKETING_VERSION = 1.0;
				PRODUCT_BUNDLE_IDENTIFIER = Alpha.DiaryAppUITests;
				PRODUCT_NAME = "$(TARGET_NAME)";
				SWIFT_EMIT_LOC_STRINGS = NO;
				SWIFT_VERSION = 5.0;
				TARGETED_DEVICE_FAMILY = "1,2";
				TEST_TARGET_NAME = DiaryApp;
			};
			name = Release;
		};
/* End XCBuildConfiguration section */

/* Begin XCConfigurationList section */
		FFBF5AA32CE6086900444088 /* Build configuration list for PBXProject "DiaryApp" */ = {
			isa = XCConfigurationList;
			buildConfigurations = (
				FFBF5ACA2CE6086B00444088 /* Debug */,
				FFBF5ACB2CE6086B00444088 /* Release */,
			);
			defaultConfigurationIsVisible = 0;
			defaultConfigurationName = Release;
		};
		FFBF5ACC2CE6086B00444088 /* Build configuration list for PBXNativeTarget "DiaryApp" */ = {
			isa = XCConfigurationList;
			buildConfigurations = (
				FFBF5ACD2CE6086B00444088 /* Debug */,
				FFBF5ACE2CE6086B00444088 /* Release */,
			);
			defaultConfigurationIsVisible = 0;
			defaultConfigurationName = Release;
		};
		FFBF5ACF2CE6086B00444088 /* Build configuration list for PBXNativeTarget "DiaryAppTests" */ = {
			isa = XCConfigurationList;
			buildConfigurations = (
				FFBF5AD02CE6086B00444088 /* Debug */,
				FFBF5AD12CE6086B00444088 /* Release */,
			);
			defaultConfigurationIsVisible = 0;
			defaultConfigurationName = Release;
		};
		FFBF5AD22CE6086B00444088 /* Build configuration list for PBXNativeTarget "DiaryAppUITests" */ = {
			isa = XCConfigurationList;
			buildConfigurations = (
				FFBF5AD32CE6086B00444088 /* Debug */,
				FFBF5AD42CE6086B00444088 /* Release */,
			);
			defaultConfigurationIsVisible = 0;
			defaultConfigurationName = Release;
		};
/* End XCConfigurationList section */
	};
	rootObject = FFBF5AA02CE6086900444088 /* Project object */;
}
